
Microsoft Visual Studio Solution File, Format Version 12.00
# Visual Studio Version 16
VisualStudioVersion = 16.0.28902.138
MinimumVisualStudioVersion = 10.0.40219.1
Project("{FAE04EC0-301F-11D3-BF4B-00C04F79EFBC}") = "SolveMath", "SolveMath\SolveMath.csproj", "{649FA96E-CF47-4E09-B471-D5B51F26C3D9}"
EndProject
Global
	GlobalSection(SolutionConfigurationPlatforms) = preSolution
		Debug|Any CPU = Debug|Any CPU
		Release|Any CPU = Release|Any CPU
	EndGlobalSection
	GlobalSection(ProjectConfigurationPlatforms) = postSolution
		{649FA96E-CF47-4E09-B471-D5B51F26C3D9}.Debug|Any CPU.ActiveCfg = Debug|Any CPU
		{649FA96E-CF47-4E09-B471-D5B51F26C3D9}.Debug|Any CPU.Build.0 = Debug|Any CPU
		{649FA96E-CF47-4E09-B471-D5B51F26C3D9}.Release|Any CPU.ActiveCfg = Release|Any CPU
		{649FA96E-CF47-4E09-B471-D5B51F26C3D9}.Release|Any CPU.Build.0 = Release|Any CPU
	EndGlobalSection
	GlobalSection(SolutionProperties) = preSolution
		HideSolutionNode = FALSE
	EndGlobalSection
	GlobalSection(ExtensibilityGlobals) = postSolution
		SolutionGuid = {BAD78CE0-7F52-4E69-8D52-006CAEA2DA4D}
	EndGlobalSection
EndGlobal
